// !$*UTF8*$!
{
	archiveVersion = 1;
	classes = {
	};
	objectVersion = 56;
	objects = {

/* Begin PBXBuildFile section */
		/* Application */
		APP001 /* AppDelegate.swift in Sources */ = {isa = PBXBuildFile; fileRef = SRC001; };
		APP002 /* SceneDelegate.swift in Sources */ = {isa = PBXBuildFile; fileRef = SRC002; };

		/* Models */
		MDL001 /* TripType.swift in Sources */ = {isa = PBXBuildFile; fileRef = SRC003; };
		MDL002 /* GeofenceEventType.swift in Sources */ = {isa = PBXBuildFile; fileRef = SRC004; };
		MDL003 /* ChatMessage.swift in Sources */ = {isa = PBXBuildFile; fileRef = SRC005; };

		/* Services */
		SVC001 /* CoreDataManager.swift in Sources */ = {isa = PBXBuildFile; fileRef = SRC006; };
		SVC002 /* PhotoStorageManager.swift in Sources */ = {isa = PBXBuildFile; fileRef = SRC007; };
		SVC003 /* LocationManager.swift in Sources */ = {isa = PBXBuildFile; fileRef = SRC008; };
		SVC004 /* GeofenceManager.swift in Sources */ = {isa = PBXBuildFile; fileRef = SRC009; };
		SVC005 /* NotificationManager.swift in Sources */ = {isa = PBXBuildFile; fileRef = SRC010; };
		SVC006 /* ChatService.swift in Sources */ = {isa = PBXBuildFile; fileRef = SRC011; };

		/* Extensions */
		EXT001 /* Date+Extensions.swift in Sources */ = {isa = PBXBuildFile; fileRef = SRC012; };
		EXT002 /* CLLocation+Extensions.swift in Sources */ = {isa = PBXBuildFile; fileRef = SRC013; };
		EXT003 /* UIViewController+Extensions.swift in Sources */ = {isa = PBXBuildFile; fileRef = SRC014; };
		EXT004 /* UIColor+Extensions.swift in Sources */ = {isa = PBXBuildFile; fileRef = SRC015; };
		EXT005 /* String+Extensions.swift in Sources */ = {isa = PBXBuildFile; fileRef = SRC016; };

		/* Utilities */
		UTL001 /* Constants.swift in Sources */ = {isa = PBXBuildFile; fileRef = SRC017; };
		UTL002 /* DistanceCalculator.swift in Sources */ = {isa = PBXBuildFile; fileRef = SRC018; };
		UTL003 /* AccessibilityIdentifiers.swift in Sources */ = {isa = PBXBuildFile; fileRef = SRC040; };

		/* Config */
		CFG001 /* Config.swift in Sources */ = {isa = PBXBuildFile; fileRef = SRC019; };

		/* Controllers */
		CTR001 /* HomeViewController.swift in Sources */ = {isa = PBXBuildFile; fileRef = SRC020; };
		CTR002 /* TripListViewController.swift in Sources */ = {isa = PBXBuildFile; fileRef = SRC021; };
		CTR003 /* TripDetailViewController.swift in Sources */ = {isa = PBXBuildFile; fileRef = SRC022; };
		CTR_AI001 /* AIAssistantViewController.swift in Sources */ = {isa = PBXBuildFile; fileRef = B4B40C22ACA548E3A42D9B8B /* AIAssistantViewController.swift */; };
		CTR004 /* NewTripViewController.swift in Sources */ = {isa = PBXBuildFile; fileRef = SRC023; };
		CTR005 /* ActiveTripViewController.swift in Sources */ = {isa = PBXBuildFile; fileRef = SRC024; };
		CTR006 /* MapViewController.swift in Sources */ = {isa = PBXBuildFile; fileRef = SRC025; };
		CTR007 /* StatisticsViewController.swift in Sources */ = {isa = PBXBuildFile; fileRef = SRC026; };
		CTR008 /* ChatViewController.swift in Sources */ = {isa = PBXBuildFile; fileRef = SRC027; };
		CTR009 /* SettingsViewController.swift in Sources */ = {isa = PBXBuildFile; fileRef = SRC028; };
		CTR010 /* GeofenceViewController.swift in Sources */ = {isa = PBXBuildFile; fileRef = SRC029; };

		/* Cells */
		CEL001 /* TripCell.swift in Sources */ = {isa = PBXBuildFile; fileRef = SRC030; };
		CEL002 /* PhotoCell.swift in Sources */ = {isa = PBXBuildFile; fileRef = SRC031; };
		CEL003 /* NoteCell.swift in Sources */ = {isa = PBXBuildFile; fileRef = SRC032; };
		CEL004 /* ChatMessageCell.swift in Sources */ = {isa = PBXBuildFile; fileRef = SRC033; };

		/* Resources */
		RES001 /* Assets.xcassets in Resources */ = {isa = PBXBuildFile; fileRef = RSC001; };
		RES002 /* TravelCompanion.xcdatamodeld in Sources */ = {isa = PBXBuildFile; fileRef = RSC002; };

		/* Unit Tests */
		TST001 /* CoreDataManagerTests.swift in Sources */ = {isa = PBXBuildFile; fileRef = TSRC001; };
		TST002 /* DistanceCalculatorTests.swift in Sources */ = {isa = PBXBuildFile; fileRef = TSRC002; };
		TST003 /* TripTypeTests.swift in Sources */ = {isa = PBXBuildFile; fileRef = TSRC003; };
		TST004 /* ChatServiceTests.swift in Sources */ = {isa = PBXBuildFile; fileRef = TSRC004; };
		TST005 /* StringExtensionsTests.swift in Sources */ = {isa = PBXBuildFile; fileRef = TSRC005; };
		TST006 /* DateExtensionsTests.swift in Sources */ = {isa = PBXBuildFile; fileRef = TSRC006; };

		/* UI Tests */
		UIT001 /* TravelCompanionUITests.swift in Sources */ = {isa = PBXBuildFile; fileRef = UISRC001; };
		UIT002 /* TravelCompanionUITestsLaunchTests.swift in Sources */ = {isa = PBXBuildFile; fileRef = UISRC002; };
/* End PBXBuildFile section */

/* Begin PBXContainerItemProxy section */
		CIP001 /* PBXContainerItemProxy */ = {
			isa = PBXContainerItemProxy;
			containerPortal = PRJ001 /* Project object */;
			proxyType = 1;
			remoteGlobalIDString = TGT001;
			remoteInfo = TravelCompanion;
		};
		CIP002 /* PBXContainerItemProxy */ = {
			isa = PBXContainerItemProxy;
			containerPortal = PRJ001 /* Project object */;
			proxyType = 1;
			remoteGlobalIDString = TGT001;
			remoteInfo = TravelCompanion;
		};
/* End PBXContainerItemProxy section */

/* Begin PBXFileReference section */
		PRD001 /* TravelCompanion.app */ = {isa = PBXFileReference; explicitFileType = wrapper.application; includeInIndex = 0; path = TravelCompanion.app; sourceTree = BUILT_PRODUCTS_DIR; };
		PRD002 /* TravelCompanionTests.xctest */ = {isa = PBXFileReference; explicitFileType = wrapper.cfbundle; includeInIndex = 0; path = TravelCompanionTests.xctest; sourceTree = BUILT_PRODUCTS_DIR; };
		PRD003 /* TravelCompanionUITests.xctest */ = {isa = PBXFileReference; explicitFileType = wrapper.cfbundle; includeInIndex = 0; path = TravelCompanionUITests.xctest; sourceTree = BUILT_PRODUCTS_DIR; };

		/* Application */
		SRC001 /* AppDelegate.swift */ = {isa = PBXFileReference; lastKnownFileType = sourcecode.swift; path = AppDelegate.swift; sourceTree = "<group>"; };
		SRC002 /* SceneDelegate.swift */ = {isa = PBXFileReference; lastKnownFileType = sourcecode.swift; path = SceneDelegate.swift; sourceTree = "<group>"; };

		/* Models */
		SRC003 /* TripType.swift */ = {isa = PBXFileReference; lastKnownFileType = sourcecode.swift; path = TripType.swift; sourceTree = "<group>"; };
		SRC004 /* GeofenceEventType.swift */ = {isa = PBXFileReference; lastKnownFileType = sourcecode.swift; path = GeofenceEventType.swift; sourceTree = "<group>"; };
		SRC005 /* ChatMessage.swift */ = {isa = PBXFileReference; lastKnownFileType = sourcecode.swift; path = ChatMessage.swift; sourceTree = "<group>"; };

		/* Services */
		SRC006 /* CoreDataManager.swift */ = {isa = PBXFileReference; lastKnownFileType = sourcecode.swift; path = CoreDataManager.swift; sourceTree = "<group>"; };
		SRC007 /* PhotoStorageManager.swift */ = {isa = PBXFileReference; lastKnownFileType = sourcecode.swift; path = PhotoStorageManager.swift; sourceTree = "<group>"; };
		SRC008 /* LocationManager.swift */ = {isa = PBXFileReference; lastKnownFileType = sourcecode.swift; path = LocationManager.swift; sourceTree = "<group>"; };
		SRC009 /* GeofenceManager.swift */ = {isa = PBXFileReference; lastKnownFileType = sourcecode.swift; path = GeofenceManager.swift; sourceTree = "<group>"; };
		SRC010 /* NotificationManager.swift */ = {isa = PBXFileReference; lastKnownFileType = sourcecode.swift; path = NotificationManager.swift; sourceTree = "<group>"; };
		SRC011 /* ChatService.swift */ = {isa = PBXFileReference; lastKnownFileType = sourcecode.swift; path = ChatService.swift; sourceTree = "<group>"; };

		/* Extensions */
		SRC012 /* Date+Extensions.swift */ = {isa = PBXFileReference; lastKnownFileType = sourcecode.swift; path = "Date+Extensions.swift"; sourceTree = "<group>"; };
		SRC013 /* CLLocation+Extensions.swift */ = {isa = PBXFileReference; lastKnownFileType = sourcecode.swift; path = "CLLocation+Extensions.swift"; sourceTree = "<group>"; };
		SRC014 /* UIViewController+Extensions.swift */ = {isa = PBXFileReference; lastKnownFileType = sourcecode.swift; path = "UIViewController+Extensions.swift"; sourceTree = "<group>"; };
		SRC015 /* UIColor+Extensions.swift */ = {isa = PBXFileReference; lastKnownFileType = sourcecode.swift; path = "UIColor+Extensions.swift"; sourceTree = "<group>"; };
		SRC016 /* String+Extensions.swift */ = {isa = PBXFileReference; lastKnownFileType = sourcecode.swift; path = "String+Extensions.swift"; sourceTree = "<group>"; };

		/* Utilities */
		SRC017 /* Constants.swift */ = {isa = PBXFileReference; lastKnownFileType = sourcecode.swift; path = Constants.swift; sourceTree = "<group>"; };
		SRC018 /* DistanceCalculator.swift */ = {isa = PBXFileReference; lastKnownFileType = sourcecode.swift; path = DistanceCalculator.swift; sourceTree = "<group>"; };
		SRC040 /* AccessibilityIdentifiers.swift */ = {isa = PBXFileReference; lastKnownFileType = sourcecode.swift; path = AccessibilityIdentifiers.swift; sourceTree = "<group>"; };

		/* Config */
		SRC019 /* Config.swift */ = {isa = PBXFileReference; lastKnownFileType = sourcecode.swift; path = Config.swift; sourceTree = "<group>"; };

		/* Controllers */
		SRC020 /* HomeViewController.swift */ = {isa = PBXFileReference; lastKnownFileType = sourcecode.swift; path = HomeViewController.swift; sourceTree = "<group>"; };
		SRC021 /* TripListViewController.swift */ = {isa = PBXFileReference; lastKnownFileType = sourcecode.swift; path = TripListViewController.swift; sourceTree = "<group>"; };
		SRC022 /* TripDetailViewController.swift */ = {isa = PBXFileReference; lastKnownFileType = sourcecode.swift; path = TripDetailViewController.swift; sourceTree = "<group>"; };
		B4B40C22ACA548E3A42D9B8B /* AIAssistantViewController.swift */ = {isa = PBXFileReference; lastKnownFileType = sourcecode.swift; path = AIAssistantViewController.swift; sourceTree = "<group>"; };
		SRC023 /* NewTripViewController.swift */ = {isa = PBXFileReference; lastKnownFileType = sourcecode.swift; path = NewTripViewController.swift; sourceTree = "<group>"; };
		SRC024 /* ActiveTripViewController.swift */ = {isa = PBXFileReference; lastKnownFileType = sourcecode.swift; path = ActiveTripViewController.swift; sourceTree = "<group>"; };
		SRC025 /* MapViewController.swift */ = {isa = PBXFileReference; lastKnownFileType = sourcecode.swift; path = MapViewController.swift; sourceTree = "<group>"; };
		SRC026 /* StatisticsViewController.swift */ = {isa = PBXFileReference; lastKnownFileType = sourcecode.swift; path = StatisticsViewController.swift; sourceTree = "<group>"; };
		SRC027 /* ChatViewController.swift */ = {isa = PBXFileReference; lastKnownFileType = sourcecode.swift; path = ChatViewController.swift; sourceTree = "<group>"; };
		SRC028 /* SettingsViewController.swift */ = {isa = PBXFileReference; lastKnownFileType = sourcecode.swift; path = SettingsViewController.swift; sourceTree = "<group>"; };
		SRC029 /* GeofenceViewController.swift */ = {isa = PBXFileReference; lastKnownFileType = sourcecode.swift; path = GeofenceViewController.swift; sourceTree = "<group>"; };

		/* Cells */
		SRC030 /* TripCell.swift */ = {isa = PBXFileReference; lastKnownFileType = sourcecode.swift; path = TripCell.swift; sourceTree = "<group>"; };
		SRC031 /* PhotoCell.swift */ = {isa = PBXFileReference; lastKnownFileType = sourcecode.swift; path = PhotoCell.swift; sourceTree = "<group>"; };
		SRC032 /* NoteCell.swift */ = {isa = PBXFileReference; lastKnownFileType = sourcecode.swift; path = NoteCell.swift; sourceTree = "<group>"; };
		SRC033 /* ChatMessageCell.swift */ = {isa = PBXFileReference; lastKnownFileType = sourcecode.swift; path = ChatMessageCell.swift; sourceTree = "<group>"; };

		/* Resources */
		RSC001 /* Assets.xcassets */ = {isa = PBXFileReference; lastKnownFileType = folder.assetcatalog; path = Assets.xcassets; sourceTree = "<group>"; };
		RSC002 /* TravelCompanion.xcdatamodeld */ = {isa = PBXFileReference; lastKnownFileType = wrapper.xcdatamodeld; path = TravelCompanion.xcdatamodeld; sourceTree = "<group>"; };
		RSC003 /* Info.plist */ = {isa = PBXFileReference; lastKnownFileType = text.plist.xml; path = Info.plist; sourceTree = "<group>"; };

		/* Unit Test Files */
		TSRC001 /* CoreDataManagerTests.swift */ = {isa = PBXFileReference; lastKnownFileType = sourcecode.swift; path = CoreDataManagerTests.swift; sourceTree = "<group>"; };
		TSRC002 /* DistanceCalculatorTests.swift */ = {isa = PBXFileReference; lastKnownFileType = sourcecode.swift; path = DistanceCalculatorTests.swift; sourceTree = "<group>"; };
		TSRC003 /* TripTypeTests.swift */ = {isa = PBXFileReference; lastKnownFileType = sourcecode.swift; path = TripTypeTests.swift; sourceTree = "<group>"; };
		TSRC004 /* ChatServiceTests.swift */ = {isa = PBXFileReference; lastKnownFileType = sourcecode.swift; path = ChatServiceTests.swift; sourceTree = "<group>"; };
		TSRC005 /* StringExtensionsTests.swift */ = {isa = PBXFileReference; lastKnownFileType = sourcecode.swift; path = StringExtensionsTests.swift; sourceTree = "<group>"; };
		TSRC006 /* DateExtensionsTests.swift */ = {isa = PBXFileReference; lastKnownFileType = sourcecode.swift; path = DateExtensionsTests.swift; sourceTree = "<group>"; };

		/* UI Test Files */
		UISRC001 /* TravelCompanionUITests.swift */ = {isa = PBXFileReference; lastKnownFileType = sourcecode.swift; path = TravelCompanionUITests.swift; sourceTree = "<group>"; };
		UISRC002 /* TravelCompanionUITestsLaunchTests.swift */ = {isa = PBXFileReference; lastKnownFileType = sourcecode.swift; path = TravelCompanionUITestsLaunchTests.swift; sourceTree = "<group>"; };
/* End PBXFileReference section */

/* Begin PBXFrameworksBuildPhase section */
		FRM001 /* Frameworks */ = {
			isa = PBXFrameworksBuildPhase;
			buildActionMask = 2147483647;
			files = (
			);
			runOnlyForDeploymentPostprocessing = 0;
		};
		FRM002 /* Frameworks */ = {
			isa = PBXFrameworksBuildPhase;
			buildActionMask = 2147483647;
			files = (
			);
			runOnlyForDeploymentPostprocessing = 0;
		};
		FRM003 /* Frameworks */ = {
			isa = PBXFrameworksBuildPhase;
			buildActionMask = 2147483647;
			files = (
			);
			runOnlyForDeploymentPostprocessing = 0;
		};
/* End PBXFrameworksBuildPhase section */

/* Begin PBXGroup section */
		GRP000 = {
			isa = PBXGroup;
			children = (
				GRP001 /* TravelCompanion */,
				GRP200 /* TravelCompanionTests */,
				GRP300 /* TravelCompanionUITests */,
				GRP100 /* Products */,
			);
			sourceTree = "<group>";
		};
		GRP001 /* TravelCompanion */ = {
			isa = PBXGroup;
			children = (
				GRP002 /* Application */,
				GRP003 /* Models */,
				GRP004 /* Views */,
				GRP005 /* Controllers */,
				GRP006 /* Services */,
				GRP007 /* Extensions */,
				GRP008 /* Utilities */,
				GRP009 /* Config */,
				GRP010 /* Resources */,
			);
			path = TravelCompanion;
			sourceTree = "<group>";
		};
		GRP002 /* Application */ = {
			isa = PBXGroup;
			children = (
				SRC001 /* AppDelegate.swift */,
				SRC002 /* SceneDelegate.swift */,
			);
			path = Application;
			sourceTree = "<group>";
		};
		GRP003 /* Models */ = {
			isa = PBXGroup;
			children = (
				SRC003 /* TripType.swift */,
				SRC004 /* GeofenceEventType.swift */,
				SRC005 /* ChatMessage.swift */,
			);
			path = Models;
			sourceTree = "<group>";
		};
		GRP004 /* Views */ = {
			isa = PBXGroup;
			children = (
				GRP011 /* Cells */,
			);
			path = Views;
			sourceTree = "<group>";
		};
		GRP005 /* Controllers */ = {
			isa = PBXGroup;
			children = (
				B4B40C22ACA548E3A42D9B8B /* AIAssistantViewController.swift */,
				SRC020 /* HomeViewController.swift */,
				SRC021 /* TripListViewController.swift */,
				SRC022 /* TripDetailViewController.swift */,
				SRC023 /* NewTripViewController.swift */,
				SRC024 /* ActiveTripViewController.swift */,
				SRC025 /* MapViewController.swift */,
				SRC026 /* StatisticsViewController.swift */,
				SRC027 /* ChatViewController.swift */,
				SRC028 /* SettingsViewController.swift */,
				SRC029 /* GeofenceViewController.swift */,
			);
			path = Controllers;
			sourceTree = "<group>";
		};
		GRP006 /* Services */ = {
			isa = PBXGroup;
			children = (
				SRC006 /* CoreDataManager.swift */,
				SRC007 /* PhotoStorageManager.swift */,
				SRC008 /* LocationManager.swift */,
				SRC009 /* GeofenceManager.swift */,
				SRC010 /* NotificationManager.swift */,
				SRC011 /* ChatService.swift */,
			);
			path = Services;
			sourceTree = "<group>";
		};
		GRP007 /* Extensions */ = {
			isa = PBXGroup;
			children = (
				SRC012 /* Date+Extensions.swift */,
				SRC013 /* CLLocation+Extensions.swift */,
				SRC014 /* UIViewController+Extensions.swift */,
				SRC015 /* UIColor+Extensions.swift */,
				SRC016 /* String+Extensions.swift */,
			);
			path = Extensions;
			sourceTree = "<group>";
		};
		GRP008 /* Utilities */ = {
			isa = PBXGroup;
			children = (
				SRC017 /* Constants.swift */,
				SRC018 /* DistanceCalculator.swift */,
				SRC040 /* AccessibilityIdentifiers.swift */,
			);
			path = Utilities;
			sourceTree = "<group>";
		};
		GRP009 /* Config */ = {
			isa = PBXGroup;
			children = (
				SRC019 /* Config.swift */,
			);
			path = Config;
			sourceTree = "<group>";
		};
		GRP010 /* Resources */ = {
			isa = PBXGroup;
			children = (
				RSC001 /* Assets.xcassets */,
				RSC002 /* TravelCompanion.xcdatamodeld */,
				RSC003 /* Info.plist */,
			);
			path = Resources;
			sourceTree = "<group>";
		};
		GRP011 /* Cells */ = {
			isa = PBXGroup;
			children = (
				SRC030 /* TripCell.swift */,
				SRC031 /* PhotoCell.swift */,
				SRC032 /* NoteCell.swift */,
				SRC033 /* ChatMessageCell.swift */,
			);
			path = Cells;
			sourceTree = "<group>";
		};
		GRP100 /* Products */ = {
			isa = PBXGroup;
			children = (
				PRD001 /* TravelCompanion.app */,
				PRD002 /* TravelCompanionTests.xctest */,
				PRD003 /* TravelCompanionUITests.xctest */,
			);
			name = Products;
			sourceTree = "<group>";
		};
		GRP200 /* TravelCompanionTests */ = {
			isa = PBXGroup;
			children = (
				TSRC001 /* CoreDataManagerTests.swift */,
				TSRC002 /* DistanceCalculatorTests.swift */,
				TSRC003 /* TripTypeTests.swift */,
				TSRC004 /* ChatServiceTests.swift */,
				TSRC005 /* StringExtensionsTests.swift */,
				TSRC006 /* DateExtensionsTests.swift */,
			);
			path = TravelCompanionTests;
			sourceTree = "<group>";
		};
		GRP300 /* TravelCompanionUITests */ = {
			isa = PBXGroup;
			children = (
				UISRC001 /* TravelCompanionUITests.swift */,
				UISRC002 /* TravelCompanionUITestsLaunchTests.swift */,
			);
			path = TravelCompanionUITests;
			sourceTree = "<group>";
		};
/* End PBXGroup section */

/* Begin PBXNativeTarget section */
		TGT001 /* TravelCompanion */ = {
			isa = PBXNativeTarget;
			buildConfigurationList = BCL001 /* Build configuration list for PBXNativeTarget "TravelCompanion" */;
			buildPhases = (
				SRC100 /* Sources */,
				FRM001 /* Frameworks */,
				RSC100 /* Resources */,
			);
			buildRules = (
			);
			dependencies = (
			);
			name = TravelCompanion;
			productName = TravelCompanion;
			productReference = PRD001 /* TravelCompanion.app */;
			productType = "com.apple.product-type.application";
		};
		TGT002 /* TravelCompanionTests */ = {
			isa = PBXNativeTarget;
			buildConfigurationList = BCL002 /* Build configuration list for PBXNativeTarget "TravelCompanionTests" */;
			buildPhases = (
				SRC200 /* Sources */,
				FRM002 /* Frameworks */,
				RSC200 /* Resources */,
			);
			buildRules = (
			);
			dependencies = (
				DEP001 /* PBXTargetDependency */,
			);
			name = TravelCompanionTests;
			productName = TravelCompanionTests;
			productReference = PRD002 /* TravelCompanionTests.xctest */;
			productType = "com.apple.product-type.bundle.unit-test";
		};
		TGT003 /* TravelCompanionUITests */ = {
			isa = PBXNativeTarget;
			buildConfigurationList = BCL003 /* Build configuration list for PBXNativeTarget "TravelCompanionUITests" */;
			buildPhases = (
				SRC300 /* Sources */,
				FRM003 /* Frameworks */,
				RSC300 /* Resources */,
			);
			buildRules = (
			);
			dependencies = (
				DEP002 /* PBXTargetDependency */,
			);
			name = TravelCompanionUITests;
			productName = TravelCompanionUITests;
			productReference = PRD003 /* TravelCompanionUITests.xctest */;
			productType = "com.apple.product-type.bundle.ui-testing";
		};
/* End PBXNativeTarget section */

/* Begin PBXProject section */
		PRJ001 /* Project object */ = {
			isa = PBXProject;
			attributes = {
				BuildIndependentTargetsInParallel = 1;
				LastSwiftUpdateCheck = 1520;
				LastUpgradeCheck = 1520;
				TargetAttributes = {
					TGT001 = {
						CreatedOnToolsVersion = 15.2;
					};
					TGT002 = {
						CreatedOnToolsVersion = 15.2;
						TestTargetID = TGT001;
					};
					TGT003 = {
						CreatedOnToolsVersion = 15.2;
						TestTargetID = TGT001;
					};
				};
			};
			buildConfigurationList = BCL000 /* Build configuration list for PBXProject "TravelCompanion" */;
			compatibilityVersion = "Xcode 14.0";
			developmentRegion = it;
			hasScannedForEncodings = 0;
			knownRegions = (
				en,
				it,
				Base,
			);
			mainGroup = GRP000;
			productRefGroup = GRP100 /* Products */;
			projectDirPath = "";
			projectRoot = "";
			targets = (
				TGT001 /* TravelCompanion */,
				TGT002 /* TravelCompanionTests */,
				TGT003 /* TravelCompanionUITests */,
			);
		};
/* End PBXProject section */

/* Begin PBXResourcesBuildPhase section */
		RSC100 /* Resources */ = {
			isa = PBXResourcesBuildPhase;
			buildActionMask = 2147483647;
			files = (
				RES001 /* Assets.xcassets in Resources */,
			);
			runOnlyForDeploymentPostprocessing = 0;
		};
		RSC200 /* Resources */ = {
			isa = PBXResourcesBuildPhase;
			buildActionMask = 2147483647;
			files = (
			);
			runOnlyForDeploymentPostprocessing = 0;
		};
		RSC300 /* Resources */ = {
			isa = PBXResourcesBuildPhase;
			buildActionMask = 2147483647;
			files = (
			);
			runOnlyForDeploymentPostprocessing = 0;
		};
/* End PBXResourcesBuildPhase section */

/* Begin PBXSourcesBuildPhase section */
		SRC100 /* Sources */ = {
			isa = PBXSourcesBuildPhase;
			buildActionMask = 2147483647;
			files = (
				CTR_AI001 /* AIAssistantViewController.swift in Sources */,
				APP001 /* AppDelegate.swift in Sources */,
				APP002 /* SceneDelegate.swift in Sources */,
				MDL001 /* TripType.swift in Sources */,
				MDL002 /* GeofenceEventType.swift in Sources */,
				MDL003 /* ChatMessage.swift in Sources */,
				SVC001 /* CoreDataManager.swift in Sources */,
				SVC002 /* PhotoStorageManager.swift in Sources */,
				SVC003 /* LocationManager.swift in Sources */,
				SVC004 /* GeofenceManager.swift in Sources */,
				SVC005 /* NotificationManager.swift in Sources */,
				SVC006 /* ChatService.swift in Sources */,
				EXT001 /* Date+Extensions.swift in Sources */,
				EXT002 /* CLLocation+Extensions.swift in Sources */,
				EXT003 /* UIViewController+Extensions.swift in Sources */,
				EXT004 /* UIColor+Extensions.swift in Sources */,
				EXT005 /* String+Extensions.swift in Sources */,
				UTL001 /* Constants.swift in Sources */,
				UTL002 /* DistanceCalculator.swift in Sources */,
				UTL003 /* AccessibilityIdentifiers.swift in Sources */,
				CFG001 /* Config.swift in Sources */,
				CTR001 /* HomeViewController.swift in Sources */,
				CTR002 /* TripListViewController.swift in Sources */,
				CTR003 /* TripDetailViewController.swift in Sources */,
				CTR004 /* NewTripViewController.swift in Sources */,
				CTR005 /* ActiveTripViewController.swift in Sources */,
				CTR006 /* MapViewController.swift in Sources */,
				CTR007 /* StatisticsViewController.swift in Sources */,
				CTR008 /* ChatViewController.swift in Sources */,
				CTR009 /* SettingsViewController.swift in Sources */,
				CTR010 /* GeofenceViewController.swift in Sources */,
				CEL001 /* TripCell.swift in Sources */,
				CEL002 /* PhotoCell.swift in Sources */,
				CEL003 /* NoteCell.swift in Sources */,
				CEL004 /* ChatMessageCell.swift in Sources */,
				RES002 /* TravelCompanion.xcdatamodeld in Sources */,
			);
			runOnlyForDeploymentPostprocessing = 0;
		};
		SRC200 /* Sources */ = {
			isa = PBXSourcesBuildPhase;
			buildActionMask = 2147483647;
			files = (
				TST001 /* CoreDataManagerTests.swift in Sources */,
				TST002 /* DistanceCalculatorTests.swift in Sources */,
				TST003 /* TripTypeTests.swift in Sources */,
				TST004 /* ChatServiceTests.swift in Sources */,
				TST005 /* StringExtensionsTests.swift in Sources */,
				TST006 /* DateExtensionsTests.swift in Sources */,
			);
			runOnlyForDeploymentPostprocessing = 0;
		};
		SRC300 /* Sources */ = {
			isa = PBXSourcesBuildPhase;
			buildActionMask = 2147483647;
			files = (
				UIT001 /* TravelCompanionUITests.swift in Sources */,
				UIT002 /* TravelCompanionUITestsLaunchTests.swift in Sources */,
			);
			runOnlyForDeploymentPostprocessing = 0;
		};
/* End PBXSourcesBuildPhase section */

/* Begin PBXTargetDependency section */
		DEP001 /* PBXTargetDependency */ = {
			isa = PBXTargetDependency;
			target = TGT001 /* TravelCompanion */;
			targetProxy = CIP001 /* PBXContainerItemProxy */;
		};
		DEP002 /* PBXTargetDependency */ = {
			isa = PBXTargetDependency;
			target = TGT001 /* TravelCompanion */;
			targetProxy = CIP002 /* PBXContainerItemProxy */;
		};
/* End PBXTargetDependency section */

/* Begin XCBuildConfiguration section */
		CFG101 /* Debug */ = {
			isa = XCBuildConfiguration;
			buildSettings = {
				ALWAYS_SEARCH_USER_PATHS = NO;
				ASSETCATALOG_COMPILER_GENERATE_SWIFT_ASSET_SYMBOL_EXTENSIONS = YES;
				CLANG_ANALYZER_NONNULL = YES;
				CLANG_ANALYZER_NUMBER_OBJECT_CONVERSION = YES_AGGRESSIVE;
				CLANG_CXX_LANGUAGE_STANDARD = "gnu++20";
				CLANG_ENABLE_MODULES = YES;
				CLANG_ENABLE_OBJC_ARC = YES;
				CLANG_ENABLE_OBJC_WEAK = YES;
				CLANG_WARN_BLOCK_CAPTURE_AUTORELEASING = YES;
				CLANG_WARN_BOOL_CONVERSION = YES;
				CLANG_WARN_COMMA = YES;
				CLANG_WARN_CONSTANT_CONVERSION = YES;
				CLANG_WARN_DEPRECATED_OBJC_IMPLEMENTATIONS = YES;
				CLANG_WARN_DIRECT_OBJC_ISA_USAGE = YES_ERROR;
				CLANG_WARN_DOCUMENTATION_COMMENTS = YES;
				CLANG_WARN_EMPTY_BODY = YES;
				CLANG_WARN_ENUM_CONVERSION = YES;
				CLANG_WARN_INFINITE_RECURSION = YES;
				CLANG_WARN_INT_CONVERSION = YES;
				CLANG_WARN_NON_LITERAL_NULL_CONVERSION = YES;
				CLANG_WARN_OBJC_IMPLICIT_RETAIN_SELF = YES;
				CLANG_WARN_OBJC_LITERAL_CONVERSION = YES;
				CLANG_WARN_OBJC_ROOT_CLASS = YES_ERROR;
				CLANG_WARN_QUOTED_INCLUDE_IN_FRAMEWORK_HEADER = YES;
				CLANG_WARN_RANGE_LOOP_ANALYSIS = YES;
				CLANG_WARN_STRICT_PROTOTYPES = YES;
				CLANG_WARN_SUSPICIOUS_MOVE = YES;
				CLANG_WARN_UNGUARDED_AVAILABILITY = YES_AGGRESSIVE;
				CLANG_WARN_UNREACHABLE_CODE = YES;
				CLANG_WARN__DUPLICATE_METHOD_MATCH = YES;
				COPY_PHASE_STRIP = NO;
				DEBUG_INFORMATION_FORMAT = dwarf;
				ENABLE_STRICT_OBJC_MSGSEND = YES;
				ENABLE_TESTABILITY = YES;
				ENABLE_USER_SCRIPT_SANDBOXING = YES;
				GCC_C_LANGUAGE_STANDARD = gnu17;
				GCC_DYNAMIC_NO_PIC = NO;
				GCC_NO_COMMON_BLOCKS = YES;
				GCC_OPTIMIZATION_LEVEL = 0;
				GCC_PREPROCESSOR_DEFINITIONS = (
					"DEBUG=1",
					"$(inherited)",
				);
				GCC_WARN_64_TO_32_BIT_CONVERSION = YES;
				GCC_WARN_ABOUT_RETURN_TYPE = YES_ERROR;
				GCC_WARN_UNDECLARED_SELECTOR = YES;
				GCC_WARN_UNINITIALIZED_AUTOS = YES_AGGRESSIVE;
				GCC_WARN_UNUSED_FUNCTION = YES;
				GCC_WARN_UNUSED_VARIABLE = YES;
				IPHONEOS_DEPLOYMENT_TARGET = 17.0;
				LOCALIZATION_PREFERS_STRING_CATALOGS = YES;
				MTL_ENABLE_DEBUG_INFO = INCLUDE_SOURCE;
				MTL_FAST_MATH = YES;
				ONLY_ACTIVE_ARCH = YES;
				SDKROOT = iphoneos;
				SWIFT_ACTIVE_COMPILATION_CONDITIONS = "DEBUG $(inherited)";
				SWIFT_OPTIMIZATION_LEVEL = "-Onone";
			};
			name = Debug;
		};
		CFG102 /* Release */ = {
			isa = XCBuildConfiguration;
			buildSettings = {
				ALWAYS_SEARCH_USER_PATHS = NO;
				ASSETCATALOG_COMPILER_GENERATE_SWIFT_ASSET_SYMBOL_EXTENSIONS = YES;
				CLANG_ANALYZER_NONNULL = YES;
				CLANG_ANALYZER_NUMBER_OBJECT_CONVERSION = YES_AGGRESSIVE;
				CLANG_CXX_LANGUAGE_STANDARD = "gnu++20";
				CLANG_ENABLE_MODULES = YES;
				CLANG_ENABLE_OBJC_ARC = YES;
				CLANG_ENABLE_OBJC_WEAK = YES;
				CLANG_WARN_BLOCK_CAPTURE_AUTORELEASING = YES;
				CLANG_WARN_BOOL_CONVERSION = YES;
				CLANG_WARN_COMMA = YES;
				CLANG_WARN_CONSTANT_CONVERSION = YES;
				CLANG_WARN_DEPRECATED_OBJC_IMPLEMENTATIONS = YES;
				CLANG_WARN_DIRECT_OBJC_ISA_USAGE = YES_ERROR;
				CLANG_WARN_DOCUMENTATION_COMMENTS = YES;
				CLANG_WARN_EMPTY_BODY = YES;
				CLANG_WARN_ENUM_CONVERSION = YES;
				CLANG_WARN_INFINITE_RECURSION = YES;
				CLANG_WARN_INT_CONVERSION = YES;
				CLANG_WARN_NON_LITERAL_NULL_CONVERSION = YES;
				CLANG_WARN_OBJC_IMPLICIT_RETAIN_SELF = YES;
				CLANG_WARN_OBJC_LITERAL_CONVERSION = YES;
				CLANG_WARN_OBJC_ROOT_CLASS = YES_ERROR;
				CLANG_WARN_QUOTED_INCLUDE_IN_FRAMEWORK_HEADER = YES;
				CLANG_WARN_RANGE_LOOP_ANALYSIS = YES;
				CLANG_WARN_STRICT_PROTOTYPES = YES;
				CLANG_WARN_SUSPICIOUS_MOVE = YES;
				CLANG_WARN_UNGUARDED_AVAILABILITY = YES_AGGRESSIVE;
				CLANG_WARN_UNREACHABLE_CODE = YES;
				CLANG_WARN__DUPLICATE_METHOD_MATCH = YES;
				COPY_PHASE_STRIP = NO;
				DEBUG_INFORMATION_FORMAT = "dwarf-with-dsym";
				ENABLE_NS_ASSERTIONS = NO;
				ENABLE_STRICT_OBJC_MSGSEND = YES;
				ENABLE_USER_SCRIPT_SANDBOXING = YES;
				GCC_C_LANGUAGE_STANDARD = gnu17;
				GCC_NO_COMMON_BLOCKS = YES;
				GCC_WARN_64_TO_32_BIT_CONVERSION = YES;
				GCC_WARN_ABOUT_RETURN_TYPE = YES_ERROR;
				GCC_WARN_UNDECLARED_SELECTOR = YES;
				GCC_WARN_UNINITIALIZED_AUTOS = YES_AGGRESSIVE;
				GCC_WARN_UNUSED_FUNCTION = YES;
				GCC_WARN_UNUSED_VARIABLE = YES;
				IPHONEOS_DEPLOYMENT_TARGET = 17.0;
				LOCALIZATION_PREFERS_STRING_CATALOGS = YES;
				MTL_ENABLE_DEBUG_INFO = NO;
				MTL_FAST_MATH = YES;
				SDKROOT = iphoneos;
				SWIFT_COMPILATION_MODE = wholemodule;
				VALIDATE_PRODUCT = YES;
			};
			name = Release;
		};
		CFG201 /* Debug */ = {
			isa = XCBuildConfiguration;
			buildSettings = {
				ASSETCATALOG_COMPILER_APPICON_NAME = AppIcon;
				ASSETCATALOG_COMPILER_GLOBAL_ACCENT_COLOR_NAME = AccentColor;
				CODE_SIGN_STYLE = Automatic;
				CURRENT_PROJECT_VERSION = 1;
				GENERATE_INFOPLIST_FILE = NO;
				INFOPLIST_FILE = TravelCompanion/Resources/Info.plist;
				INFOPLIST_KEY_CFBundleDisplayName = "Travel Companion";
				INFOPLIST_KEY_LSApplicationCategoryType = "public.app-category.travel";
				INFOPLIST_KEY_UIApplicationSupportsIndirectInputEvents = YES;
				INFOPLIST_KEY_UILaunchScreen_Generation = YES;
				INFOPLIST_KEY_UISupportedInterfaceOrientations_iPad = "UIInterfaceOrientationPortrait UIInterfaceOrientationPortraitUpsideDown UIInterfaceOrientationLandscapeLeft UIInterfaceOrientationLandscapeRight";
				INFOPLIST_KEY_UISupportedInterfaceOrientations_iPhone = "UIInterfaceOrientationPortrait UIInterfaceOrientationLandscapeLeft UIInterfaceOrientationLandscapeRight";
				LD_RUNPATH_SEARCH_PATHS = (
					"$(inherited)",
					"@executable_path/Frameworks",
				);
				MARKETING_VERSION = 1.0;
				PRODUCT_BUNDLE_IDENTIFIER = com.unibo.lam.TravelCompanion;
				PRODUCT_NAME = "$(TARGET_NAME)";
				SWIFT_EMIT_LOC_STRINGS = YES;
				SWIFT_VERSION = 5.0;
				TARGETED_DEVICE_FAMILY = "1,2";
			};
			name = Debug;
		};
		CFG202 /* Release */ = {
			isa = XCBuildConfiguration;
			buildSettings = {
				ASSETCATALOG_COMPILER_APPICON_NAME = AppIcon;
				ASSETCATALOG_COMPILER_GLOBAL_ACCENT_COLOR_NAME = AccentColor;
				CODE_SIGN_STYLE = Automatic;
				CURRENT_PROJECT_VERSION = 1;
				GENERATE_INFOPLIST_FILE = NO;
				INFOPLIST_FILE = TravelCompanion/Resources/Info.plist;
				INFOPLIST_KEY_CFBundleDisplayName = "Travel Companion";
				INFOPLIST_KEY_LSApplicationCategoryType = "public.app-category.travel";
				INFOPLIST_KEY_UIApplicationSupportsIndirectInputEvents = YES;
				INFOPLIST_KEY_UILaunchScreen_Generation = YES;
				INFOPLIST_KEY_UISupportedInterfaceOrientations_iPad = "UIInterfaceOrientationPortrait UIInterfaceOrientationPortraitUpsideDown UIInterfaceOrientationLandscapeLeft UIInterfaceOrientationLandscapeRight";
				INFOPLIST_KEY_UISupportedInterfaceOrientations_iPhone = "UIInterfaceOrientationPortrait UIInterfaceOrientationLandscapeLeft UIInterfaceOrientationLandscapeRight";
				LD_RUNPATH_SEARCH_PATHS = (
					"$(inherited)",
					"@executable_path/Frameworks",
				);
				MARKETING_VERSION = 1.0;
				PRODUCT_BUNDLE_IDENTIFIER = com.unibo.lam.TravelCompanion;
				PRODUCT_NAME = "$(TARGET_NAME)";
				SWIFT_EMIT_LOC_STRINGS = YES;
				SWIFT_VERSION = 5.0;
				TARGETED_DEVICE_FAMILY = "1,2";
			};
			name = Release;
		};
		CFG301 /* Debug */ = {
			isa = XCBuildConfiguration;
			buildSettings = {
				BUNDLE_LOADER = "$(TEST_HOST)";
				CODE_SIGN_STYLE = Automatic;
				CURRENT_PROJECT_VERSION = 1;
				GENERATE_INFOPLIST_FILE = YES;
				IPHONEOS_DEPLOYMENT_TARGET = 17.0;
				MARKETING_VERSION = 1.0;
				PRODUCT_BUNDLE_IDENTIFIER = com.unibo.lam.TravelCompanionTests;
				PRODUCT_NAME = "$(TARGET_NAME)";
				SWIFT_EMIT_LOC_STRINGS = NO;
				SWIFT_VERSION = 5.0;
				TARGETED_DEVICE_FAMILY = "1,2";
				TEST_HOST = "$(BUILT_PRODUCTS_DIR)/TravelCompanion.app/$(BUNDLE_EXECUTABLE_FOLDER_PATH)/TravelCompanion";
			};
			name = Debug;
		};
		CFG302 /* Release */ = {
			isa = XCBuildConfiguration;
			buildSettings = {
				BUNDLE_LOADER = "$(TEST_HOST)";
				CODE_SIGN_STYLE = Automatic;
				CURRENT_PROJECT_VERSION = 1;
				GENERATE_INFOPLIST_FILE = YES;
				IPHONEOS_DEPLOYMENT_TARGET = 17.0;
				MARKETING_VERSION = 1.0;
				PRODUCT_BUNDLE_IDENTIFIER = com.unibo.lam.TravelCompanionTests;
				PRODUCT_NAME = "$(TARGET_NAME)";
				SWIFT_EMIT_LOC_STRINGS = NO;
				SWIFT_VERSION = 5.0;
				TARGETED_DEVICE_FAMILY = "1,2";
				TEST_HOST = "$(BUILT_PRODUCTS_DIR)/TravelCompanion.app/$(BUNDLE_EXECUTABLE_FOLDER_PATH)/TravelCompanion";
			};
			name = Release;
		};
		CFG401 /* Debug */ = {
			isa = XCBuildConfiguration;
			buildSettings = {
				CODE_SIGN_STYLE = Automatic;
				CURRENT_PROJECT_VERSION = 1;
				GENERATE_INFOPLIST_FILE = YES;
				IPHONEOS_DEPLOYMENT_TARGET = 17.0;
				MARKETING_VERSION = 1.0;
				PRODUCT_BUNDLE_IDENTIFIER = com.unibo.lam.TravelCompanionUITests;
				PRODUCT_NAME = "$(TARGET_NAME)";
				SWIFT_EMIT_LOC_STRINGS = NO;
				SWIFT_VERSION = 5.0;
				TARGETED_DEVICE_FAMILY = "1,2";
				TEST_TARGET_NAME = TravelCompanion;
			};
			name = Debug;
		};
		CFG402 /* Release */ = {
			isa = XCBuildConfiguration;
			buildSettings = {
				CODE_SIGN_STYLE = Automatic;
				CURRENT_PROJECT_VERSION = 1;
				GENERATE_INFOPLIST_FILE = YES;
				IPHONEOS_DEPLOYMENT_TARGET = 17.0;
				MARKETING_VERSION = 1.0;
				PRODUCT_BUNDLE_IDENTIFIER = com.unibo.lam.TravelCompanionUITests;
				PRODUCT_NAME = "$(TARGET_NAME)";
				SWIFT_EMIT_LOC_STRINGS = NO;
				SWIFT_VERSION = 5.0;
				TARGETED_DEVICE_FAMILY = "1,2";
				TEST_TARGET_NAME = TravelCompanion;
			};
			name = Release;
		};
/* End XCBuildConfiguration section */

/* Begin XCConfigurationList section */
		BCL000 /* Build configuration list for PBXProject "TravelCompanion" */ = {
			isa = XCConfigurationList;
			buildConfigurations = (
				CFG101 /* Debug */,
				CFG102 /* Release */,
			);
			defaultConfigurationIsVisible = 0;
			defaultConfigurationName = Release;
		};
		BCL001 /* Build configuration list for PBXNativeTarget "TravelCompanion" */ = {
			isa = XCConfigurationList;
			buildConfigurations = (
				CFG201 /* Debug */,
				CFG202 /* Release */,
			);
			defaultConfigurationIsVisible = 0;
			defaultConfigurationName = Release;
		};
		BCL002 /* Build configuration list for PBXNativeTarget "TravelCompanionTests" */ = {
			isa = XCConfigurationList;
			buildConfigurations = (
				CFG301 /* Debug */,
				CFG302 /* Release */,
			);
			defaultConfigurationIsVisible = 0;
			defaultConfigurationName = Release;
		};
		BCL003 /* Build configuration list for PBXNativeTarget "TravelCompanionUITests" */ = {
			isa = XCConfigurationList;
			buildConfigurations = (
				CFG401 /* Debug */,
				CFG402 /* Release */,
			);
			defaultConfigurationIsVisible = 0;
			defaultConfigurationName = Release;
		};
/* End XCConfigurationList section */
	};
	rootObject = PRJ001 /* Project object */;
}
